
Microsoft Visual Studio Solution File, Format Version 12.00
# Visual Studio 2017
Project("{FAE04EC0-301F-11D3-BF4B-00C04F79EFBC}") = "TrabalhoArthur.Plugins", "TrabalhoArthur.Plugins.csproj", "{9768C812-79B0-84CD-5922-E164D6214625}"
EndProject
Global
	GlobalSection(SolutionConfigurationPlatforms) = preSolution
		Debug|Any CPU = Debug|Any CPU
		Release|Any CPU = Release|Any CPU
	EndGlobalSection
	GlobalSection(ProjectConfigurationPlatforms) = postSolution
		{9768C812-79B0-84CD-5922-E164D6214625}.Debug|Any CPU.ActiveCfg = Debug|Any CPU
		{9768C812-79B0-84CD-5922-E164D6214625}.Debug|Any CPU.Build.0 = Debug|Any CPU
		{9768C812-79B0-84CD-5922-E164D6214625}.Release|Any CPU.ActiveCfg = Release|Any CPU
		{9768C812-79B0-84CD-5922-E164D6214625}.Release|Any CPU.Build.0 = Release|Any CPU
	EndGlobalSection
	GlobalSection(SolutionProperties) = preSolution
		HideSolutionNode = FALSE
	EndGlobalSection
EndGlobal
